
Microsoft Visual Studio Solution File, Format Version 12.00
# Visual Studio Version 16
VisualStudioVersion = 16.0.30717.126
MinimumVisualStudioVersion = 10.0.40219.1
Project("{FAE04EC0-301F-11D3-BF4B-00C04F79EFBC}") = "1.DemoAPI", "DemoAPI\1.DemoAPI.csproj", "{882555E6-C5B0-4CA6-B181-A39898E9A06A}"
EndProject
Project("{FAE04EC0-301F-11D3-BF4B-00C04F79EFBC}") = "4.DemoAPI.Data", "DemoAPI.Data\4.DemoAPI.Data.csproj", "{C5DB7ACC-6CF8-4568-AC6C-C2B0CA3D6B90}"
EndProject
Project("{FAE04EC0-301F-11D3-BF4B-00C04F79EFBC}") = "2.DemoAPI.Services", "DemoAPI.Services\2.DemoAPI.Services.csproj", "{A979F18C-D7A7-4209-8034-A782FFE99332}"
EndProject
Project("{FAE04EC0-301F-11D3-BF4B-00C04F79EFBC}") = "3.DemoAPI.Repository", "DemoAPI.Repository\3.DemoAPI.Repository.csproj", "{48607164-D7EB-4E2A-BB69-B43AD19702BC}"
EndProject
Global
	GlobalSection(SolutionConfigurationPlatforms) = preSolution
		Debug|Any CPU = Debug|Any CPU
		Release|Any CPU = Release|Any CPU
	EndGlobalSection
	GlobalSection(ProjectConfigurationPlatforms) = postSolution
		{882555E6-C5B0-4CA6-B181-A39898E9A06A}.Debug|Any CPU.ActiveCfg = Debug|Any CPU
		{882555E6-C5B0-4CA6-B181-A39898E9A06A}.Debug|Any CPU.Build.0 = Debug|Any CPU
		{882555E6-C5B0-4CA6-B181-A39898E9A06A}.Release|Any CPU.ActiveCfg = Release|Any CPU
		{882555E6-C5B0-4CA6-B181-A39898E9A06A}.Release|Any CPU.Build.0 = Release|Any CPU
		{C5DB7ACC-6CF8-4568-AC6C-C2B0CA3D6B90}.Debug|Any CPU.ActiveCfg = Debug|Any CPU
		{C5DB7ACC-6CF8-4568-AC6C-C2B0CA3D6B90}.Debug|Any CPU.Build.0 = Debug|Any CPU
		{C5DB7ACC-6CF8-4568-AC6C-C2B0CA3D6B90}.Release|Any CPU.ActiveCfg = Release|Any CPU
		{C5DB7ACC-6CF8-4568-AC6C-C2B0CA3D6B90}.Release|Any CPU.Build.0 = Release|Any CPU
		{A979F18C-D7A7-4209-8034-A782FFE99332}.Debug|Any CPU.ActiveCfg = Debug|Any CPU
		{A979F18C-D7A7-4209-8034-A782FFE99332}.Debug|Any CPU.Build.0 = Debug|Any CPU
		{A979F18C-D7A7-4209-8034-A782FFE99332}.Release|Any CPU.ActiveCfg = Release|Any CPU
		{A979F18C-D7A7-4209-8034-A782FFE99332}.Release|Any CPU.Build.0 = Release|Any CPU
		{48607164-D7EB-4E2A-BB69-B43AD19702BC}.Debug|Any CPU.ActiveCfg = Debug|Any CPU
		{48607164-D7EB-4E2A-BB69-B43AD19702BC}.Debug|Any CPU.Build.0 = Debug|Any CPU
		{48607164-D7EB-4E2A-BB69-B43AD19702BC}.Release|Any CPU.ActiveCfg = Release|Any CPU
		{48607164-D7EB-4E2A-BB69-B43AD19702BC}.Release|Any CPU.Build.0 = Release|Any CPU
	EndGlobalSection
	GlobalSection(SolutionProperties) = preSolution
		HideSolutionNode = FALSE
	EndGlobalSection
	GlobalSection(ExtensibilityGlobals) = postSolution
		SolutionGuid = {EC6E93DA-0A36-4715-A692-B71BEE34DA9A}
	EndGlobalSection
EndGlobal
